<?xml version="1.0" encoding="UTF-8"?>
<Project ToolsVersion="14.0" xmlns="http://schemas.microsoft.com/developer/msbuild/2003">
  <ItemGroup>
    <ClCompile Include="C:\Users\87\Documents\GitHub\my\TutorialForCpp\ipynbs\codes\C1_Cpp_tools\Cpp_compiler\section5\src\power.cpp">
      <Filter>Source Files</Filter>
    </ClCompile>
  </ItemGroup>
  <ItemGroup>
    <CustomBuild Include="C:\Users\87\Documents\GitHub\my\TutorialForCpp\ipynbs\codes\C1_Cpp_tools\Cpp_compiler\section5\CMakeLists.txt" />
  </ItemGroup>
  <ItemGroup>
    <Filter Include="Source Files">
      <UniqueIdentifier>{1DC914D6-7E51-38C4-B0F3-EFAA1C1E5D77}</UniqueIdentifier>
    </Filter>
  </ItemGroup>
</Project>
