Microsoft Visual Studio Solution File, Format Version 12.00
# Visual Studio 14
Project("{8BC9CEB8-8B4A-11D0-8D11-00A0C91BC942}") = "ALL_BUILD", "ALL_BUILD.vcxproj", "{8B605A4B-3815-3EA9-AB32-093CFF603145}"
	ProjectSection(ProjectDependencies) = postProject
		{19F94611-7872-3E27-8C27-C6F26F997D19} = {19F94611-7872-3E27-8C27-C6F26F997D19}
		{C548E334-707B-3F1A-8489-F8BDA2CE0D0F} = {C548E334-707B-3F1A-8489-F8BDA2CE0D0F}
	EndProjectSection
EndProject
Project("{8BC9CEB8-8B4A-11D0-8D11-00A0C91BC942}") = "Demo", "Demo.vcxproj", "{19F94611-7872-3E27-8C27-C6F26F997D19}"
	ProjectSection(ProjectDependencies) = postProject
		{C548E334-707B-3F1A-8489-F8BDA2CE0D0F} = {C548E334-707B-3F1A-8489-F8BDA2CE0D0F}
	EndProjectSection
EndProject
Project("{8BC9CEB8-8B4A-11D0-8D11-00A0C91BC942}") = "ZERO_CHECK", "ZERO_CHECK.vcxproj", "{C548E334-707B-3F1A-8489-F8BDA2CE0D0F}"
	ProjectSection(ProjectDependencies) = postProject
	EndProjectSection
EndProject
Global
	GlobalSection(SolutionConfigurationPlatforms) = preSolution
		Debug|Win32 = Debug|Win32
		Release|Win32 = Release|Win32
		MinSizeRel|Win32 = MinSizeRel|Win32
		RelWithDebInfo|Win32 = RelWithDebInfo|Win32
	EndGlobalSection
	GlobalSection(ProjectConfigurationPlatforms) = postSolution
		{8B605A4B-3815-3EA9-AB32-093CFF603145}.Debug|Win32.ActiveCfg = Debug|Win32
		{8B605A4B-3815-3EA9-AB32-093CFF603145}.Release|Win32.ActiveCfg = Release|Win32
		{8B605A4B-3815-3EA9-AB32-093CFF603145}.MinSizeRel|Win32.ActiveCfg = MinSizeRel|Win32
		{8B605A4B-3815-3EA9-AB32-093CFF603145}.RelWithDebInfo|Win32.ActiveCfg = RelWithDebInfo|Win32
		{19F94611-7872-3E27-8C27-C6F26F997D19}.Debug|Win32.ActiveCfg = Debug|Win32
		{19F94611-7872-3E27-8C27-C6F26F997D19}.Debug|Win32.Build.0 = Debug|Win32
		{19F94611-7872-3E27-8C27-C6F26F997D19}.Release|Win32.ActiveCfg = Release|Win32
		{19F94611-7872-3E27-8C27-C6F26F997D19}.Release|Win32.Build.0 = Release|Win32
		{19F94611-7872-3E27-8C27-C6F26F997D19}.MinSizeRel|Win32.ActiveCfg = MinSizeRel|Win32
		{19F94611-7872-3E27-8C27-C6F26F997D19}.MinSizeRel|Win32.Build.0 = MinSizeRel|Win32
		{19F94611-7872-3E27-8C27-C6F26F997D19}.RelWithDebInfo|Win32.ActiveCfg = RelWithDebInfo|Win32
		{19F94611-7872-3E27-8C27-C6F26F997D19}.RelWithDebInfo|Win32.Build.0 = RelWithDebInfo|Win32
		{C548E334-707B-3F1A-8489-F8BDA2CE0D0F}.Debug|Win32.ActiveCfg = Debug|Win32
		{C548E334-707B-3F1A-8489-F8BDA2CE0D0F}.Debug|Win32.Build.0 = Debug|Win32
		{C548E334-707B-3F1A-8489-F8BDA2CE0D0F}.Release|Win32.ActiveCfg = Release|Win32
		{C548E334-707B-3F1A-8489-F8BDA2CE0D0F}.Release|Win32.Build.0 = Release|Win32
		{C548E334-707B-3F1A-8489-F8BDA2CE0D0F}.MinSizeRel|Win32.ActiveCfg = MinSizeRel|Win32
		{C548E334-707B-3F1A-8489-F8BDA2CE0D0F}.MinSizeRel|Win32.Build.0 = MinSizeRel|Win32
		{C548E334-707B-3F1A-8489-F8BDA2CE0D0F}.RelWithDebInfo|Win32.ActiveCfg = RelWithDebInfo|Win32
		{C548E334-707B-3F1A-8489-F8BDA2CE0D0F}.RelWithDebInfo|Win32.Build.0 = RelWithDebInfo|Win32
	EndGlobalSection
	GlobalSection(ExtensibilityGlobals) = postSolution
		SolutionGuid = {B83AAC2A-B1B7-3185-B05A-3E5F73153B56}
	EndGlobalSection
	GlobalSection(ExtensibilityAddIns) = postSolution
	EndGlobalSection
EndGlobal
