<?xml version="1.0" encoding="UTF-8"?>
<Project ToolsVersion="14.0" xmlns="http://schemas.microsoft.com/developer/msbuild/2003">
  <ItemGroup>
    <CustomBuild Include="C:\Users\87\Documents\GitHub\my\TutorialForCpp\ipynbs\codes\C1_Cpp_tools\Cpp_compiler\section5\CMakeFiles\5ce34332486815e0eb46b0f2c30bcfc4\generate.stamp.rule">
      <Filter>CMake Rules</Filter>
    </CustomBuild>
  </ItemGroup>
  <ItemGroup>
    <Filter Include="CMake Rules">
      <UniqueIdentifier>{4060E2FD-9FE8-3266-8BA4-8B36E5FF446F}</UniqueIdentifier>
    </Filter>
  </ItemGroup>
</Project>
